
Microsoft Visual Studio Solution File, Format Version 12.00
# Visual Studio Version 16
VisualStudioVersion = 16.0.30503.244
MinimumVisualStudioVersion = 10.0.40219.1
Project("{FAE04EC0-301F-11D3-BF4B-00C04F79EFBC}") = "SolutionAtelierSoutien15102020", "SolutionAtelierSoutien15102020\SolutionAtelierSoutien15102020.csproj", "{7E11A50B-67DC-41E7-A19F-5AA840AE8E67}"
EndProject
Global
	GlobalSection(SolutionConfigurationPlatforms) = preSolution
		Debug|Any CPU = Debug|Any CPU
		Release|Any CPU = Release|Any CPU
	EndGlobalSection
	GlobalSection(ProjectConfigurationPlatforms) = postSolution
		{7E11A50B-67DC-41E7-A19F-5AA840AE8E67}.Debug|Any CPU.ActiveCfg = Debug|Any CPU
		{7E11A50B-67DC-41E7-A19F-5AA840AE8E67}.Debug|Any CPU.Build.0 = Debug|Any CPU
		{7E11A50B-67DC-41E7-A19F-5AA840AE8E67}.Release|Any CPU.ActiveCfg = Release|Any CPU
		{7E11A50B-67DC-41E7-A19F-5AA840AE8E67}.Release|Any CPU.Build.0 = Release|Any CPU
	EndGlobalSection
	GlobalSection(SolutionProperties) = preSolution
		HideSolutionNode = FALSE
	EndGlobalSection
	GlobalSection(ExtensibilityGlobals) = postSolution
		SolutionGuid = {F5B46002-8E99-4D2E-BBE7-6664482539B8}
	EndGlobalSection
EndGlobal
